
Microsoft Visual Studio Solution File, Format Version 12.00
# Visual Studio 15
VisualStudioVersion = 15.0.28307.106
MinimumVisualStudioVersion = 10.0.40219.1
Project("{9A19103F-16F7-4668-BE54-9A1E7A4F7556}") = "MA.WebApi", "MA.WebApi\MA.WebApi.csproj", "{CB6A835F-0CAA-40DA-84B4-807178FAEA8E}"
EndProject
Project("{9A19103F-16F7-4668-BE54-9A1E7A4F7556}") = "MA.Framework", "MA.Framework\MA.Framework.csproj", "{63B3C58E-7EBE-485D-8D4A-BAD7F9659931}"
EndProject
Project("{2150E333-8FDC-42A3-9474-1A3956D46DE8}") = "Entity", "Entity", "{87B7D812-F9EA-4CC9-AB65-E9B23FCFE4C4}"
EndProject
Project("{9A19103F-16F7-4668-BE54-9A1E7A4F7556}") = "MA.Entity.Model", "MA.Entity.Model\MA.Entity.Model.csproj", "{25817D48-1046-40B8-B735-FC41D81C3CD2}"
EndProject
Project("{9A19103F-16F7-4668-BE54-9A1E7A4F7556}") = "MA.Entity.Core", "MA.Entity.Core\MA.Entity.Core.csproj", "{A40C607D-13BE-4C3C-AD77-7B54EB259F33}"
EndProject
Project("{9A19103F-16F7-4668-BE54-9A1E7A4F7556}") = "MA.Service", "MA.Service\MA.Service.csproj", "{D7FB5126-94E9-4DEB-A4F4-6E597A55820B}"
EndProject
Project("{2150E333-8FDC-42A3-9474-1A3956D46DE8}") = "Base", "Base", "{50B704CD-C35F-47FD-9DA6-65A38B6FE9D4}"
EndProject
Project("{9A19103F-16F7-4668-BE54-9A1E7A4F7556}") = "MA.Dto", "MA.Dto\MA.Dto.csproj", "{8D9F673F-A616-4BB1-88FF-AB0046D3DDC7}"
EndProject
Global
	GlobalSection(SolutionConfigurationPlatforms) = preSolution
		Debug|Any CPU = Debug|Any CPU
		Release|Any CPU = Release|Any CPU
	EndGlobalSection
	GlobalSection(ProjectConfigurationPlatforms) = postSolution
		{CB6A835F-0CAA-40DA-84B4-807178FAEA8E}.Debug|Any CPU.ActiveCfg = Debug|Any CPU
		{CB6A835F-0CAA-40DA-84B4-807178FAEA8E}.Debug|Any CPU.Build.0 = Debug|Any CPU
		{CB6A835F-0CAA-40DA-84B4-807178FAEA8E}.Release|Any CPU.ActiveCfg = Release|Any CPU
		{CB6A835F-0CAA-40DA-84B4-807178FAEA8E}.Release|Any CPU.Build.0 = Release|Any CPU
		{63B3C58E-7EBE-485D-8D4A-BAD7F9659931}.Debug|Any CPU.ActiveCfg = Debug|Any CPU
		{63B3C58E-7EBE-485D-8D4A-BAD7F9659931}.Debug|Any CPU.Build.0 = Debug|Any CPU
		{63B3C58E-7EBE-485D-8D4A-BAD7F9659931}.Release|Any CPU.ActiveCfg = Release|Any CPU
		{63B3C58E-7EBE-485D-8D4A-BAD7F9659931}.Release|Any CPU.Build.0 = Release|Any CPU
		{25817D48-1046-40B8-B735-FC41D81C3CD2}.Debug|Any CPU.ActiveCfg = Debug|Any CPU
		{25817D48-1046-40B8-B735-FC41D81C3CD2}.Debug|Any CPU.Build.0 = Debug|Any CPU
		{25817D48-1046-40B8-B735-FC41D81C3CD2}.Release|Any CPU.ActiveCfg = Release|Any CPU
		{25817D48-1046-40B8-B735-FC41D81C3CD2}.Release|Any CPU.Build.0 = Release|Any CPU
		{A40C607D-13BE-4C3C-AD77-7B54EB259F33}.Debug|Any CPU.ActiveCfg = Debug|Any CPU
		{A40C607D-13BE-4C3C-AD77-7B54EB259F33}.Debug|Any CPU.Build.0 = Debug|Any CPU
		{A40C607D-13BE-4C3C-AD77-7B54EB259F33}.Release|Any CPU.ActiveCfg = Release|Any CPU
		{A40C607D-13BE-4C3C-AD77-7B54EB259F33}.Release|Any CPU.Build.0 = Release|Any CPU
		{D7FB5126-94E9-4DEB-A4F4-6E597A55820B}.Debug|Any CPU.ActiveCfg = Debug|Any CPU
		{D7FB5126-94E9-4DEB-A4F4-6E597A55820B}.Debug|Any CPU.Build.0 = Debug|Any CPU
		{D7FB5126-94E9-4DEB-A4F4-6E597A55820B}.Release|Any CPU.ActiveCfg = Release|Any CPU
		{D7FB5126-94E9-4DEB-A4F4-6E597A55820B}.Release|Any CPU.Build.0 = Release|Any CPU
		{8D9F673F-A616-4BB1-88FF-AB0046D3DDC7}.Debug|Any CPU.ActiveCfg = Debug|Any CPU
		{8D9F673F-A616-4BB1-88FF-AB0046D3DDC7}.Debug|Any CPU.Build.0 = Debug|Any CPU
		{8D9F673F-A616-4BB1-88FF-AB0046D3DDC7}.Release|Any CPU.ActiveCfg = Release|Any CPU
		{8D9F673F-A616-4BB1-88FF-AB0046D3DDC7}.Release|Any CPU.Build.0 = Release|Any CPU
	EndGlobalSection
	GlobalSection(SolutionProperties) = preSolution
		HideSolutionNode = FALSE
	EndGlobalSection
	GlobalSection(NestedProjects) = preSolution
		{63B3C58E-7EBE-485D-8D4A-BAD7F9659931} = {50B704CD-C35F-47FD-9DA6-65A38B6FE9D4}
		{25817D48-1046-40B8-B735-FC41D81C3CD2} = {87B7D812-F9EA-4CC9-AB65-E9B23FCFE4C4}
		{A40C607D-13BE-4C3C-AD77-7B54EB259F33} = {87B7D812-F9EA-4CC9-AB65-E9B23FCFE4C4}
		{D7FB5126-94E9-4DEB-A4F4-6E597A55820B} = {50B704CD-C35F-47FD-9DA6-65A38B6FE9D4}
		{8D9F673F-A616-4BB1-88FF-AB0046D3DDC7} = {50B704CD-C35F-47FD-9DA6-65A38B6FE9D4}
	EndGlobalSection
	GlobalSection(ExtensibilityGlobals) = postSolution
		SolutionGuid = {1623250C-D2F9-46E2-BEF3-4B9829D570F3}
	EndGlobalSection
EndGlobal
